
Microsoft Visual Studio Solution File, Format Version 12.00
# Visual Studio Version 17
VisualStudioVersion = 17.14.36717.8
MinimumVisualStudioVersion = 10.0.40219.1
Project("{FAE04EC0-301F-11D3-BF4B-00C04F79EFBC}") = "MyPortfolio", "MyPortfolio\MyPortfolio.csproj", "{9927532A-2B1E-4A99-B97F-4F9B8A7B5E86}"
EndProject
Global
	GlobalSection(SolutionConfigurationPlatforms) = preSolution
		Debug|Any CPU = Debug|Any CPU
		Release|Any CPU = Release|Any CPU
	EndGlobalSection
	GlobalSection(ProjectConfigurationPlatforms) = postSolution
		{9927532A-2B1E-4A99-B97F-4F9B8A7B5E86}.Debug|Any CPU.ActiveCfg = Debug|Any CPU
		{9927532A-2B1E-4A99-B97F-4F9B8A7B5E86}.Debug|Any CPU.Build.0 = Debug|Any CPU
		{9927532A-2B1E-4A99-B97F-4F9B8A7B5E86}.Release|Any CPU.ActiveCfg = Release|Any CPU
		{9927532A-2B1E-4A99-B97F-4F9B8A7B5E86}.Release|Any CPU.Build.0 = Release|Any CPU
	EndGlobalSection
	GlobalSection(SolutionProperties) = preSolution
		HideSolutionNode = FALSE
	EndGlobalSection
	GlobalSection(ExtensibilityGlobals) = postSolution
		SolutionGuid = {C7B61F26-9861-4223-97E6-E83B7CF50305}
	EndGlobalSection
EndGlobal
